// !$*UTF8*$!
{
	archiveVersion = 1;
	classes = {
	};
	objectVersion = 60;
	objects = {

/* Begin PBXBuildFile section */
		13B07FBF1A68108700A75B9A /* Images.xcassets in Resources */ = {isa = PBXBuildFile; fileRef = 13B07FB51A68108700A75B9A /* Images.xcassets */; };
		3210210F8E24AE4361E015DC /* AppGroupHelper.m in Sources */ = {isa = PBXBuildFile; fileRef = 27FD31B87ABA4472A9E31AC5 /* AppGroupHelper.m */; };
		3E461D99554A48A4959DE609 /* SplashScreen.storyboard in Resources */ = {isa = PBXBuildFile; fileRef = AA286B85B6C04FC6940260E9 /* SplashScreen.storyboard */; };
		4E5F57A72EE331690094AF90 /* NativeClipboard.swift in Sources */ = {isa = PBXBuildFile; fileRef = 4E5F57A62EE331690094AF90 /* NativeClipboard.swift */; };
		4E5F57A82EE331690094AF90 /* NativeClipboard.m in Sources */ = {isa = PBXBuildFile; fileRef = 4E5F57A52EE331690094AF90 /* NativeClipboard.m */; };
		68CDA57A2E98613000FE0C0F /* AutofillModule.swift in Sources */ = {isa = PBXBuildFile; fileRef = 68CDA5792E98613000FE0C0F /* AutofillModule.swift */; };
		68CDA57B2E98613000FE0C0F /* AutofillModule.m in Sources */ = {isa = PBXBuildFile; fileRef = 68CDA5782E98613000FE0C0F /* AutofillModule.m */; };
		6FE20FCC528C1B074A9AE0E9 /* ExpoModulesProvider.swift in Sources */ = {isa = PBXBuildFile; fileRef = DC0C4114E6D6845205B97FBD /* ExpoModulesProvider.swift */; };
		92C2567C145C4881BFCC5EA1 /* inter.ttf in Resources */ = {isa = PBXBuildFile; fileRef = 60A632E76288436C9F4DFFFD /* inter.ttf */; };
		9511A6252E58C2B0000F7566 /* AuthenticationServices.framework in Frameworks */ = {isa = PBXBuildFile; fileRef = 9511A6242E58C2B0000F7566 /* AuthenticationServices.framework */; };
		9511A6302E58C2B0000F7566 /* PearPassAutoFillExtension.appex in Embed Foundation Extensions */ = {isa = PBXBuildFile; fileRef = 9511A6232E58C2B0000F7566 /* PearPassAutoFillExtension.appex */; settings = {ATTRIBUTES = (RemoveHeadersOnCopy, ); }; };
		BB2F792D24A3F905000567C9 /* Expo.plist in Resources */ = {isa = PBXBuildFile; fileRef = BB2F792C24A3F905000567C9 /* Expo.plist */; };
		BBF7CA415609C6944A8166BA /* libPods-PearPassAutoFillExtension.a in Frameworks */ = {isa = PBXBuildFile; fileRef = 4CC17AA94AB61A2E77973BFD /* libPods-PearPassAutoFillExtension.a */; };
		D7AEB3DC2D12143AB89BEEAE /* PrivacyInfo.xcprivacy in Resources */ = {isa = PBXBuildFile; fileRef = 29491106A32B49DCA1EB7915 /* PrivacyInfo.xcprivacy */; };
		E7980C08DDC14FE58EA1B5A5 /* humble-nostalgia.otf in Resources */ = {isa = PBXBuildFile; fileRef = 93E6984AB8DB4CC2B47111A2 /* humble-nostalgia.otf */; };
		E8869A57428FECE837475DF9 /* libPods-pearpassappmobile.a in Frameworks */ = {isa = PBXBuildFile; fileRef = DC7D70C71591D54FD91D1B34 /* libPods-pearpassappmobile.a */; };
		F11748422D0307B40044C1D9 /* AppDelegate.swift in Sources */ = {isa = PBXBuildFile; fileRef = F11748412D0307B40044C1D9 /* AppDelegate.swift */; };
		FCA320B12E8E6D6900C4C3A4 /* form.riv in Resources */ = {isa = PBXBuildFile; fileRef = FCA320AE2E8E6D6900C4C3A4 /* form.riv */; };
		FCA320B22E8E6D6900C4C3A4 /* category.riv in Resources */ = {isa = PBXBuildFile; fileRef = FCA320AD2E8E6D6900C4C3A4 /* category.riv */; };
		FCA320B32E8E6D6900C4C3A4 /* password.riv in Resources */ = {isa = PBXBuildFile; fileRef = FCA320AF2E8E6D6900C4C3A4 /* password.riv */; };
/* End PBXBuildFile section */

/* Begin PBXContainerItemProxy section */
		9511A62E2E58C2B0000F7566 /* PBXContainerItemProxy */ = {
			isa = PBXContainerItemProxy;
			containerPortal = 83CBB9F71A601CBA00E9B192 /* Project object */;
			proxyType = 1;
			remoteGlobalIDString = 9511A6222E58C2B0000F7566;
			remoteInfo = PearPassAutoFillExtension;
		};
/* End PBXContainerItemProxy section */

/* Begin PBXCopyFilesBuildPhase section */
		9511A6312E58C2B0000F7566 /* Embed Foundation Extensions */ = {
			isa = PBXCopyFilesBuildPhase;
			buildActionMask = 2147483647;
			dstPath = "";
			dstSubfolderSpec = 13;
			files = (
				9511A6302E58C2B0000F7566 /* PearPassAutoFillExtension.appex in Embed Foundation Extensions */,
			);
			name = "Embed Foundation Extensions";
			runOnlyForDeploymentPostprocessing = 0;
		};
/* End PBXCopyFilesBuildPhase section */

/* Begin PBXFileReference section */
		1389E9C41FAA5E8A910FD3C6 /* Pods-pearpassappmobile.release.xcconfig */ = {isa = PBXFileReference; includeInIndex = 1; lastKnownFileType = text.xcconfig; name = "Pods-pearpassappmobile.release.xcconfig"; path = "Target Support Files/Pods-pearpassappmobile/Pods-pearpassappmobile.release.xcconfig"; sourceTree = "<group>"; };
		13B07F961A680F5B00A75B9A /* PearPass.app */ = {isa = PBXFileReference; explicitFileType = wrapper.application; includeInIndex = 0; path = PearPass.app; sourceTree = BUILT_PRODUCTS_DIR; };
		13B07FB51A68108700A75B9A /* Images.xcassets */ = {isa = PBXFileReference; lastKnownFileType = folder.assetcatalog; name = Images.xcassets; path = pearpassappmobile/Images.xcassets; sourceTree = "<group>"; };
		13B07FB61A68108700A75B9A /* Info.plist */ = {isa = PBXFileReference; fileEncoding = 4; lastKnownFileType = text.plist.xml; name = Info.plist; path = pearpassappmobile/Info.plist; sourceTree = "<group>"; };
		24A8C070FB09BCC6CE2F75F4 /* Pods-pearpassappmobile.debug.xcconfig */ = {isa = PBXFileReference; includeInIndex = 1; lastKnownFileType = text.xcconfig; name = "Pods-pearpassappmobile.debug.xcconfig"; path = "Target Support Files/Pods-pearpassappmobile/Pods-pearpassappmobile.debug.xcconfig"; sourceTree = "<group>"; };
		27FD31B87ABA4472A9E31AC5 /* AppGroupHelper.m */ = {isa = PBXFileReference; includeInIndex = 1; lastKnownFileType = sourcecode.c.objc; path = AppGroupHelper.m; sourceTree = "<group>"; };
		29491106A32B49DCA1EB7915 /* PrivacyInfo.xcprivacy */ = {isa = PBXFileReference; includeInIndex = 1; lastKnownFileType = text.xml; name = PrivacyInfo.xcprivacy; path = pearpassappmobile/PrivacyInfo.xcprivacy; sourceTree = "<group>"; };
		4CC17AA94AB61A2E77973BFD /* libPods-PearPassAutoFillExtension.a */ = {isa = PBXFileReference; explicitFileType = archive.ar; includeInIndex = 0; path = "libPods-PearPassAutoFillExtension.a"; sourceTree = BUILT_PRODUCTS_DIR; };
		4E5F57A52EE331690094AF90 /* NativeClipboard.m */ = {isa = PBXFileReference; lastKnownFileType = sourcecode.c.objc; name = NativeClipboard.m; path = pearpassappmobile/NativeClipboard.m; sourceTree = "<group>"; };
		4E5F57A62EE331690094AF90 /* NativeClipboard.swift */ = {isa = PBXFileReference; lastKnownFileType = sourcecode.swift; name = NativeClipboard.swift; path = pearpassappmobile/NativeClipboard.swift; sourceTree = "<group>"; };
		5C8B6EDB763E7C21C99F1C06 /* Pods-PearPassAutoFillExtension.debug.xcconfig */ = {isa = PBXFileReference; includeInIndex = 1; lastKnownFileType = text.xcconfig; name = "Pods-PearPassAutoFillExtension.debug.xcconfig"; path = "Target Support Files/Pods-PearPassAutoFillExtension/Pods-PearPassAutoFillExtension.debug.xcconfig"; sourceTree = "<group>"; };
		60A632E76288436C9F4DFFFD /* inter.ttf */ = {isa = PBXFileReference; explicitFileType = undefined; fileEncoding = 9; includeInIndex = 0; lastKnownFileType = unknown; name = inter.ttf; path = ../assets/fonts/inter.ttf; sourceTree = "<group>"; };
		68CDA5782E98613000FE0C0F /* AutofillModule.m */ = {isa = PBXFileReference; lastKnownFileType = sourcecode.c.objc; name = AutofillModule.m; path = pearpassappmobile/AutofillModule.m; sourceTree = "<group>"; };
		68CDA5792E98613000FE0C0F /* AutofillModule.swift */ = {isa = PBXFileReference; lastKnownFileType = sourcecode.swift; name = AutofillModule.swift; path = pearpassappmobile/AutofillModule.swift; sourceTree = "<group>"; };
		93E6984AB8DB4CC2B47111A2 /* humble-nostalgia.otf */ = {isa = PBXFileReference; explicitFileType = undefined; fileEncoding = 9; includeInIndex = 0; lastKnownFileType = unknown; name = "humble-nostalgia.otf"; path = "../assets/fonts/humble-nostalgia.otf"; sourceTree = "<group>"; };
		9511A6232E58C2B0000F7566 /* PearPassAutoFillExtension.appex */ = {isa = PBXFileReference; explicitFileType = "wrapper.app-extension"; includeInIndex = 0; path = PearPassAutoFillExtension.appex; sourceTree = BUILT_PRODUCTS_DIR; };
		9511A6242E58C2B0000F7566 /* AuthenticationServices.framework */ = {isa = PBXFileReference; lastKnownFileType = wrapper.framework; name = AuthenticationServices.framework; path = System/Library/Frameworks/AuthenticationServices.framework; sourceTree = SDKROOT; };
		AA286B85B6C04FC6940260E9 /* SplashScreen.storyboard */ = {isa = PBXFileReference; fileEncoding = 4; lastKnownFileType = file.storyboard; name = SplashScreen.storyboard; path = pearpassappmobile/SplashScreen.storyboard; sourceTree = "<group>"; };
		BB2F792C24A3F905000567C9 /* Expo.plist */ = {isa = PBXFileReference; fileEncoding = 4; lastKnownFileType = text.plist.xml; path = Expo.plist; sourceTree = "<group>"; };
		CE1BA0950CADD2F5F8F8FB68 /* AppGroupHelper.h */ = {isa = PBXFileReference; includeInIndex = 1; lastKnownFileType = sourcecode.c.h; path = AppGroupHelper.h; sourceTree = "<group>"; };
		DC0C4114E6D6845205B97FBD /* ExpoModulesProvider.swift */ = {isa = PBXFileReference; includeInIndex = 1; lastKnownFileType = sourcecode.swift; name = ExpoModulesProvider.swift; path = "Pods/Target Support Files/Pods-pearpassappmobile/ExpoModulesProvider.swift"; sourceTree = "<group>"; };
		DC7D70C71591D54FD91D1B34 /* libPods-pearpassappmobile.a */ = {isa = PBXFileReference; explicitFileType = archive.ar; includeInIndex = 0; path = "libPods-pearpassappmobile.a"; sourceTree = BUILT_PRODUCTS_DIR; };
		E9309A8D5253CB6300A0EC25 /* Pods-PearPassAutoFillExtension.release.xcconfig */ = {isa = PBXFileReference; includeInIndex = 1; lastKnownFileType = text.xcconfig; name = "Pods-PearPassAutoFillExtension.release.xcconfig"; path = "Target Support Files/Pods-PearPassAutoFillExtension/Pods-PearPassAutoFillExtension.release.xcconfig"; sourceTree = "<group>"; };
		ED297162215061F000B7C4FE /* JavaScriptCore.framework */ = {isa = PBXFileReference; lastKnownFileType = wrapper.framework; name = JavaScriptCore.framework; path = System/Library/Frameworks/JavaScriptCore.framework; sourceTree = SDKROOT; };
		F11748412D0307B40044C1D9 /* AppDelegate.swift */ = {isa = PBXFileReference; lastKnownFileType = sourcecode.swift; name = AppDelegate.swift; path = pearpassappmobile/AppDelegate.swift; sourceTree = "<group>"; };
		F11748442D0722820044C1D9 /* pearpassappmobile-Bridging-Header.h */ = {isa = PBXFileReference; lastKnownFileType = sourcecode.c.h; name = "pearpassappmobile-Bridging-Header.h"; path = "pearpassappmobile/pearpassappmobile-Bridging-Header.h"; sourceTree = "<group>"; };
		FCA320AD2E8E6D6900C4C3A4 /* category.riv */ = {isa = PBXFileReference; lastKnownFileType = file; path = category.riv; sourceTree = "<group>"; };
		FCA320AE2E8E6D6900C4C3A4 /* form.riv */ = {isa = PBXFileReference; lastKnownFileType = file; path = form.riv; sourceTree = "<group>"; };
		FCA320AF2E8E6D6900C4C3A4 /* password.riv */ = {isa = PBXFileReference; lastKnownFileType = file; path = password.riv; sourceTree = "<group>"; };
/* End PBXFileReference section */

/* Begin PBXFileSystemSynchronizedBuildFileExceptionSet section */
		9511A6342E58C2B0000F7566 /* Exceptions for "PearPassAutoFillExtension" folder in "PearPassAutoFillExtension" target */ = {
			isa = PBXFileSystemSynchronizedBuildFileExceptionSet;
			membershipExceptions = (
				Info.plist,
			);
			target = 9511A6222E58C2B0000F7566 /* PearPassAutoFillExtension */;
		};
/* End PBXFileSystemSynchronizedBuildFileExceptionSet section */

/* Begin PBXFileSystemSynchronizedRootGroup section */
		9511A6262E58C2B0000F7566 /* PearPassAutoFillExtension */ = {
			isa = PBXFileSystemSynchronizedRootGroup;
			exceptions = (
				9511A6342E58C2B0000F7566 /* Exceptions for "PearPassAutoFillExtension" folder in "PearPassAutoFillExtension" target */,
			);
			explicitFileTypes = {
			};
			explicitFolders = (
			);
			path = PearPassAutoFillExtension;
			sourceTree = "<group>";
		};
/* End PBXFileSystemSynchronizedRootGroup section */

/* Begin PBXFrameworksBuildPhase section */
		13B07F8C1A680F5B00A75B9A /* Frameworks */ = {
			isa = PBXFrameworksBuildPhase;
			buildActionMask = 2147483647;
			files = (
				E8869A57428FECE837475DF9 /* libPods-pearpassappmobile.a in Frameworks */,
			);
			runOnlyForDeploymentPostprocessing = 0;
		};
		9511A6202E58C2B0000F7566 /* Frameworks */ = {
			isa = PBXFrameworksBuildPhase;
			buildActionMask = 2147483647;
			files = (
				9511A6252E58C2B0000F7566 /* AuthenticationServices.framework in Frameworks */,
				BBF7CA415609C6944A8166BA /* libPods-PearPassAutoFillExtension.a in Frameworks */,
			);
			runOnlyForDeploymentPostprocessing = 0;
		};
/* End PBXFrameworksBuildPhase section */

/* Begin PBXGroup section */
		13B07FAE1A68108700A75B9A /* pearpassappmobile */ = {
			isa = PBXGroup;
			children = (
				4E5F57A52EE331690094AF90 /* NativeClipboard.m */,
				4E5F57A62EE331690094AF90 /* NativeClipboard.swift */,
				68CDA5782E98613000FE0C0F /* AutofillModule.m */,
				68CDA5792E98613000FE0C0F /* AutofillModule.swift */,
				F11748412D0307B40044C1D9 /* AppDelegate.swift */,
				F11748442D0722820044C1D9 /* pearpassappmobile-Bridging-Header.h */,
				BB2F792B24A3F905000567C9 /* Supporting */,
				13B07FB51A68108700A75B9A /* Images.xcassets */,
				13B07FB61A68108700A75B9A /* Info.plist */,
				AA286B85B6C04FC6940260E9 /* SplashScreen.storyboard */,
				29491106A32B49DCA1EB7915 /* PrivacyInfo.xcprivacy */,
			);
			name = pearpassappmobile;
			sourceTree = "<group>";
		};
		2D16E6871FA4F8E400B85C8A /* Frameworks */ = {
			isa = PBXGroup;
			children = (
				ED297162215061F000B7C4FE /* JavaScriptCore.framework */,
				9511A6242E58C2B0000F7566 /* AuthenticationServices.framework */,
				4CC17AA94AB61A2E77973BFD /* libPods-PearPassAutoFillExtension.a */,
				DC7D70C71591D54FD91D1B34 /* libPods-pearpassappmobile.a */,
			);
			name = Frameworks;
			sourceTree = "<group>";
		};
		57A3030774E348CB8AD83ACB /* Resources */ = {
			isa = PBXGroup;
			children = (
				93E6984AB8DB4CC2B47111A2 /* humble-nostalgia.otf */,
				60A632E76288436C9F4DFFFD /* inter.ttf */,
			);
			name = Resources;
			sourceTree = "<group>";
		};
		832341AE1AAA6A7D00B99B32 /* Libraries */ = {
			isa = PBXGroup;
			children = (
			);
			name = Libraries;
			sourceTree = "<group>";
		};
		83CBB9F61A601CBA00E9B192 = {
			isa = PBXGroup;
			children = (
				13B07FAE1A68108700A75B9A /* pearpassappmobile */,
				9511A6262E58C2B0000F7566 /* PearPassAutoFillExtension */,
				832341AE1AAA6A7D00B99B32 /* Libraries */,
				83CBBA001A601CBA00E9B192 /* Products */,
				2D16E6871FA4F8E400B85C8A /* Frameworks */,
				57A3030774E348CB8AD83ACB /* Resources */,
				8483D150A3A8F2DEEA15EA47 /* Pods */,
				CC8D02410FB9667445B85451 /* ExpoModulesProviders */,
				CE1BA0950CADD2F5F8F8FB68 /* AppGroupHelper.h */,
				27FD31B87ABA4472A9E31AC5 /* AppGroupHelper.m */,
				FCA320B02E8E6D6900C4C3A4 /* Assets */,
			);
			indentWidth = 2;
			sourceTree = "<group>";
			tabWidth = 2;
			usesTabs = 0;
		};
		83CBBA001A601CBA00E9B192 /* Products */ = {
			isa = PBXGroup;
			children = (
				13B07F961A680F5B00A75B9A /* PearPass.app */,
				9511A6232E58C2B0000F7566 /* PearPassAutoFillExtension.appex */,
			);
			name = Products;
			sourceTree = "<group>";
		};
		8483D150A3A8F2DEEA15EA47 /* Pods */ = {
			isa = PBXGroup;
			children = (
				5C8B6EDB763E7C21C99F1C06 /* Pods-PearPassAutoFillExtension.debug.xcconfig */,
				E9309A8D5253CB6300A0EC25 /* Pods-PearPassAutoFillExtension.release.xcconfig */,
				24A8C070FB09BCC6CE2F75F4 /* Pods-pearpassappmobile.debug.xcconfig */,
				1389E9C41FAA5E8A910FD3C6 /* Pods-pearpassappmobile.release.xcconfig */,
			);
			path = Pods;
			sourceTree = "<group>";
		};
		94633803B43820E8D9129371 /* pearpassappmobile */ = {
			isa = PBXGroup;
			children = (
				DC0C4114E6D6845205B97FBD /* ExpoModulesProvider.swift */,
			);
			name = pearpassappmobile;
			sourceTree = "<group>";
		};
		BB2F792B24A3F905000567C9 /* Supporting */ = {
			isa = PBXGroup;
			children = (
				BB2F792C24A3F905000567C9 /* Expo.plist */,
			);
			name = Supporting;
			path = pearpassappmobile/Supporting;
			sourceTree = "<group>";
		};
		CC8D02410FB9667445B85451 /* ExpoModulesProviders */ = {
			isa = PBXGroup;
			children = (
				94633803B43820E8D9129371 /* pearpassappmobile */,
			);
			name = ExpoModulesProviders;
			sourceTree = "<group>";
		};
		FCA320B02E8E6D6900C4C3A4 /* Assets */ = {
			isa = PBXGroup;
			children = (
				FCA320AD2E8E6D6900C4C3A4 /* category.riv */,
				FCA320AE2E8E6D6900C4C3A4 /* form.riv */,
				FCA320AF2E8E6D6900C4C3A4 /* password.riv */,
			);
			path = Assets;
			sourceTree = "<group>";
		};
/* End PBXGroup section */

/* Begin PBXNativeTarget section */
		13B07F861A680F5B00A75B9A /* pearpassappmobile */ = {
			isa = PBXNativeTarget;
			buildConfigurationList = 13B07F931A680F5B00A75B9A /* Build configuration list for PBXNativeTarget "pearpassappmobile" */;
			buildPhases = (
				C5BE29C79AF86A620040E115 /* [CP] Check Pods Manifest.lock */,
				CFEF528BE6E2449CD102F5D0 /* [Expo] Configure project */,
				13B07F871A680F5B00A75B9A /* Sources */,
				13B07F8C1A680F5B00A75B9A /* Frameworks */,
				13B07F8E1A680F5B00A75B9A /* Resources */,
				00DD1BFF1BD5951E006B06BC /* Bundle React Native code and images */,
				9511A6312E58C2B0000F7566 /* Embed Foundation Extensions */,
				5694E2CD9C91A1AD1BBE8172 /* [CP] Embed Pods Frameworks */,
				905A6B636764B9A3E859DA06 /* [CP] Copy Pods Resources */,
			);
			buildRules = (
			);
			dependencies = (
				9511A62F2E58C2B0000F7566 /* PBXTargetDependency */,
			);
			name = pearpassappmobile;
			productName = pearpassappmobile;
			productReference = 13B07F961A680F5B00A75B9A /* PearPass.app */;
			productType = "com.apple.product-type.application";
		};
		9511A6222E58C2B0000F7566 /* PearPassAutoFillExtension */ = {
			isa = PBXNativeTarget;
			buildConfigurationList = 9511A6352E58C2B0000F7566 /* Build configuration list for PBXNativeTarget "PearPassAutoFillExtension" */;
			buildPhases = (
				706CB333DBA1B3389E60315B /* [CP] Check Pods Manifest.lock */,
				9511A61F2E58C2B0000F7566 /* Sources */,
				9511A6202E58C2B0000F7566 /* Frameworks */,
				9511A6212E58C2B0000F7566 /* Resources */,
			);
			buildRules = (
			);
			dependencies = (
			);
			fileSystemSynchronizedGroups = (
				9511A6262E58C2B0000F7566 /* PearPassAutoFillExtension */,
			);
			name = PearPassAutoFillExtension;
			productName = PearPassAutoFillExtension;
			productReference = 9511A6232E58C2B0000F7566 /* PearPassAutoFillExtension.appex */;
			productType = "com.apple.product-type.app-extension";
		};
/* End PBXNativeTarget section */

/* Begin PBXProject section */
		83CBB9F71A601CBA00E9B192 /* Project object */ = {
			isa = PBXProject;
			attributes = {
				LastUpgradeCheck = 1130;
				TargetAttributes = {
					13B07F861A680F5B00A75B9A = {
						LastSwiftMigration = 1250;
					};
					9511A6222E58C2B0000F7566 = {
						CreatedOnToolsVersion = 16.4;
					};
				};
			};
			buildConfigurationList = 83CBB9FA1A601CBA00E9B192 /* Build configuration list for PBXProject "pearpassappmobile" */;
			compatibilityVersion = "Xcode 3.2";
			developmentRegion = en;
			hasScannedForEncodings = 0;
			knownRegions = (
				en,
				Base,
			);
			mainGroup = 83CBB9F61A601CBA00E9B192;
			productRefGroup = 83CBBA001A601CBA00E9B192 /* Products */;
			projectDirPath = "";
			projectRoot = "";
			targets = (
				13B07F861A680F5B00A75B9A /* pearpassappmobile */,
				9511A6222E58C2B0000F7566 /* PearPassAutoFillExtension */,
			);
		};
/* End PBXProject section */

/* Begin PBXResourcesBuildPhase section */
		13B07F8E1A680F5B00A75B9A /* Resources */ = {
			isa = PBXResourcesBuildPhase;
			buildActionMask = 2147483647;
			files = (
				BB2F792D24A3F905000567C9 /* Expo.plist in Resources */,
				13B07FBF1A68108700A75B9A /* Images.xcassets in Resources */,
				3E461D99554A48A4959DE609 /* SplashScreen.storyboard in Resources */,
				E7980C08DDC14FE58EA1B5A5 /* humble-nostalgia.otf in Resources */,
				92C2567C145C4881BFCC5EA1 /* inter.ttf in Resources */,
				FCA320B12E8E6D6900C4C3A4 /* form.riv in Resources */,
				FCA320B22E8E6D6900C4C3A4 /* category.riv in Resources */,
				FCA320B32E8E6D6900C4C3A4 /* password.riv in Resources */,
				D7AEB3DC2D12143AB89BEEAE /* PrivacyInfo.xcprivacy in Resources */,
			);
			runOnlyForDeploymentPostprocessing = 0;
		};
		9511A6212E58C2B0000F7566 /* Resources */ = {
			isa = PBXResourcesBuildPhase;
			buildActionMask = 2147483647;
			files = (
			);
			runOnlyForDeploymentPostprocessing = 0;
		};
/* End PBXResourcesBuildPhase section */

/* Begin PBXShellScriptBuildPhase section */
		00DD1BFF1BD5951E006B06BC /* Bundle React Native code and images */ = {
			isa = PBXShellScriptBuildPhase;
			alwaysOutOfDate = 1;
			buildActionMask = 2147483647;
			files = (
			);
			inputPaths = (
			);
			name = "Bundle React Native code and images";
			outputPaths = (
			);
			runOnlyForDeploymentPostprocessing = 0;
			shellPath = /bin/sh;
			shellScript = "if [[ -f \"$PODS_ROOT/../.xcode.env\" ]]; then\n  source \"$PODS_ROOT/../.xcode.env\"\nfi\nif [[ -f \"$PODS_ROOT/../.xcode.env.local\" ]]; then\n  source \"$PODS_ROOT/../.xcode.env.local\"\nfi\n\n# The project root by default is one level up from the ios directory\nexport PROJECT_ROOT=\"$PROJECT_DIR\"/..\n\nif [[ \"$CONFIGURATION\" = *Debug* ]]; then\n  export SKIP_BUNDLING=1\nfi\nif [[ -z \"$ENTRY_FILE\" ]]; then\n  # Set the entry JS file using the bundler's entry resolution.\n  export ENTRY_FILE=\"$(\"$NODE_BINARY\" -e \"require('expo/scripts/resolveAppEntry')\" \"$PROJECT_ROOT\" ios absolute | tail -n 1)\"\nfi\n\nif [[ -z \"$CLI_PATH\" ]]; then\n  # Use Expo CLI\n  export CLI_PATH=\"$(\"$NODE_BINARY\" --print \"require.resolve('@expo/cli', { paths: [require.resolve('expo/package.json')] })\")\"\nfi\nif [[ -z \"$BUNDLE_COMMAND\" ]]; then\n  # Default Expo CLI command for bundling\n  export BUNDLE_COMMAND=\"export:embed\"\nfi\n\n# Source .xcode.env.updates if it exists to allow\n# SKIP_BUNDLING to be unset if needed\nif [[ -f \"$PODS_ROOT/../.xcode.env.updates\" ]]; then\n  source \"$PODS_ROOT/../.xcode.env.updates\"\nfi\n# Source local changes to allow overrides\n# if needed\nif [[ -f \"$PODS_ROOT/../.xcode.env.local\" ]]; then\n  source \"$PODS_ROOT/../.xcode.env.local\"\nfi\n\n`\"$NODE_BINARY\" --print \"require('path').dirname(require.resolve('react-native/package.json')) + '/scripts/react-native-xcode.sh'\"`\n\n";
		};
		5694E2CD9C91A1AD1BBE8172 /* [CP] Embed Pods Frameworks */ = {
			isa = PBXShellScriptBuildPhase;
			buildActionMask = 2147483647;
			files = (
			);
			inputPaths = (
				"${PODS_ROOT}/Target Support Files/Pods-pearpassappmobile/Pods-pearpassappmobile-frameworks.sh",
				"${PODS_XCFRAMEWORKS_BUILD_DIR}/RiveRuntime/RiveRuntime.framework/RiveRuntime",
				"${PODS_XCFRAMEWORKS_BUILD_DIR}/hermes-engine/Pre-built/hermes.framework/hermes",
				"${PODS_XCFRAMEWORKS_BUILD_DIR}/react-native-bare-kit/BareKit.framework/BareKit",
				"${PODS_XCFRAMEWORKS_BUILD_DIR}/react-native-bare-kit/bare-buffer.3.4.2.framework/bare-buffer.3.4.2",
				"${PODS_XCFRAMEWORKS_BUILD_DIR}/react-native-bare-kit/bare-crypto.1.12.0.framework/bare-crypto.1.12.0",
				"${PODS_XCFRAMEWORKS_BUILD_DIR}/react-native-bare-kit/bare-fs.4.5.2.framework/bare-fs.4.5.2",
				"${PODS_XCFRAMEWORKS_BUILD_DIR}/react-native-bare-kit/bare-module-lexer.1.4.7.framework/bare-module-lexer.1.4.7",
				"${PODS_XCFRAMEWORKS_BUILD_DIR}/react-native-bare-kit/bare-os.3.6.2.framework/bare-os.3.6.2",
				"${PODS_XCFRAMEWORKS_BUILD_DIR}/react-native-bare-kit/bare-pipe.4.1.2.framework/bare-pipe.4.1.2",
				"${PODS_XCFRAMEWORKS_BUILD_DIR}/react-native-bare-kit/bare-subprocess.5.2.2.framework/bare-subprocess.5.2.2",
				"${PODS_XCFRAMEWORKS_BUILD_DIR}/react-native-bare-kit/bare-url.2.3.2.framework/bare-url.2.3.2",
				"${PODS_XCFRAMEWORKS_BUILD_DIR}/react-native-bare-kit/fs-native-extensions.1.4.5.framework/fs-native-extensions.1.4.5",
				"${PODS_XCFRAMEWORKS_BUILD_DIR}/react-native-bare-kit/quickbit-native.2.4.8.framework/quickbit-native.2.4.8",
				"${PODS_XCFRAMEWORKS_BUILD_DIR}/react-native-bare-kit/rocksdb-native.3.11.4.framework/rocksdb-native.3.11.4",
				"${PODS_XCFRAMEWORKS_BUILD_DIR}/react-native-bare-kit/simdle-native.1.3.9.framework/simdle-native.1.3.9",
				"${PODS_XCFRAMEWORKS_BUILD_DIR}/react-native-bare-kit/sodium-native.5.0.10.framework/sodium-native.5.0.10",
				"${PODS_XCFRAMEWORKS_BUILD_DIR}/react-native-bare-kit/sodium-native.5.0.9.framework/sodium-native.5.0.9",
				"${PODS_XCFRAMEWORKS_BUILD_DIR}/react-native-bare-kit/udx-native.1.19.2.framework/udx-native.1.19.2",
			);
			name = "[CP] Embed Pods Frameworks";
			outputPaths = (
				"${TARGET_BUILD_DIR}/${FRAMEWORKS_FOLDER_PATH}/RiveRuntime.framework",
				"${TARGET_BUILD_DIR}/${FRAMEWORKS_FOLDER_PATH}/hermes.framework",
				"${TARGET_BUILD_DIR}/${FRAMEWORKS_FOLDER_PATH}/BareKit.framework",
				"${TARGET_BUILD_DIR}/${FRAMEWORKS_FOLDER_PATH}/bare-buffer.3.4.2.framework",
				"${TARGET_BUILD_DIR}/${FRAMEWORKS_FOLDER_PATH}/bare-crypto.1.12.0.framework",
				"${TARGET_BUILD_DIR}/${FRAMEWORKS_FOLDER_PATH}/bare-fs.4.5.2.framework",
				"${TARGET_BUILD_DIR}/${FRAMEWORKS_FOLDER_PATH}/bare-module-lexer.1.4.7.framework",
				"${TARGET_BUILD_DIR}/${FRAMEWORKS_FOLDER_PATH}/bare-os.3.6.2.framework",
				"${TARGET_BUILD_DIR}/${FRAMEWORKS_FOLDER_PATH}/bare-pipe.4.1.2.framework",
				"${TARGET_BUILD_DIR}/${FRAMEWORKS_FOLDER_PATH}/bare-subprocess.5.2.2.framework",
				"${TARGET_BUILD_DIR}/${FRAMEWORKS_FOLDER_PATH}/bare-url.2.3.2.framework",
				"${TARGET_BUILD_DIR}/${FRAMEWORKS_FOLDER_PATH}/fs-native-extensions.1.4.5.framework",
				"${TARGET_BUILD_DIR}/${FRAMEWORKS_FOLDER_PATH}/quickbit-native.2.4.8.framework",
				"${TARGET_BUILD_DIR}/${FRAMEWORKS_FOLDER_PATH}/rocksdb-native.3.11.4.framework",
				"${TARGET_BUILD_DIR}/${FRAMEWORKS_FOLDER_PATH}/simdle-native.1.3.9.framework",
				"${TARGET_BUILD_DIR}/${FRAMEWORKS_FOLDER_PATH}/sodium-native.5.0.10.framework",
				"${TARGET_BUILD_DIR}/${FRAMEWORKS_FOLDER_PATH}/sodium-native.5.0.9.framework",
				"${TARGET_BUILD_DIR}/${FRAMEWORKS_FOLDER_PATH}/udx-native.1.19.2.framework",
			);
			runOnlyForDeploymentPostprocessing = 0;
			shellPath = /bin/sh;
			shellScript = "\"${PODS_ROOT}/Target Support Files/Pods-pearpassappmobile/Pods-pearpassappmobile-frameworks.sh\"\n";
			showEnvVarsInLog = 0;
		};
		706CB333DBA1B3389E60315B /* [CP] Check Pods Manifest.lock */ = {
			isa = PBXShellScriptBuildPhase;
			buildActionMask = 2147483647;
			files = (
			);
			inputFileListPaths = (
			);
			inputPaths = (
				"${PODS_PODFILE_DIR_PATH}/Podfile.lock",
				"${PODS_ROOT}/Manifest.lock",
			);
			name = "[CP] Check Pods Manifest.lock";
			outputFileListPaths = (
			);
			outputPaths = (
				"$(DERIVED_FILE_DIR)/Pods-PearPassAutoFillExtension-checkManifestLockResult.txt",
			);
			runOnlyForDeploymentPostprocessing = 0;
			shellPath = /bin/sh;
			shellScript = "diff \"${PODS_PODFILE_DIR_PATH}/Podfile.lock\" \"${PODS_ROOT}/Manifest.lock\" > /dev/null\nif [ $? != 0 ] ; then\n    # print error to STDERR\n    echo \"error: The sandbox is not in sync with the Podfile.lock. Run 'pod install' or update your CocoaPods installation.\" >&2\n    exit 1\nfi\n# This output is used by Xcode 'outputs' to avoid re-running this script phase.\necho \"SUCCESS\" > \"${SCRIPT_OUTPUT_FILE_0}\"\n";
			showEnvVarsInLog = 0;
		};
		905A6B636764B9A3E859DA06 /* [CP] Copy Pods Resources */ = {
			isa = PBXShellScriptBuildPhase;
			buildActionMask = 2147483647;
			files = (
			);
			inputPaths = (
				"${PODS_ROOT}/Target Support Files/Pods-pearpassappmobile/Pods-pearpassappmobile-resources.sh",
				"${PODS_CONFIGURATION_BUILD_DIR}/EXConstants/EXConstants.bundle",
				"${PODS_CONFIGURATION_BUILD_DIR}/EXConstants/ExpoConstants_privacy.bundle",
				"${PODS_CONFIGURATION_BUILD_DIR}/ExpoFileSystem/ExpoFileSystem_privacy.bundle",
				"${PODS_CONFIGURATION_BUILD_DIR}/RCT-Folly/RCT-Folly_privacy.bundle",
				"${PODS_CONFIGURATION_BUILD_DIR}/RNCAsyncStorage/RNCAsyncStorage_resources.bundle",
				"${PODS_CONFIGURATION_BUILD_DIR}/RNSVG/RNSVGFilters.bundle",
				"${PODS_ROOT}/../../node_modules/react-native-vector-icons/Fonts/AntDesign.ttf",
				"${PODS_ROOT}/../../node_modules/react-native-vector-icons/Fonts/Entypo.ttf",
				"${PODS_ROOT}/../../node_modules/react-native-vector-icons/Fonts/EvilIcons.ttf",
				"${PODS_ROOT}/../../node_modules/react-native-vector-icons/Fonts/Feather.ttf",
				"${PODS_ROOT}/../../node_modules/react-native-vector-icons/Fonts/FontAwesome.ttf",
				"${PODS_ROOT}/../../node_modules/react-native-vector-icons/Fonts/FontAwesome5_Brands.ttf",
				"${PODS_ROOT}/../../node_modules/react-native-vector-icons/Fonts/FontAwesome5_Regular.ttf",
				"${PODS_ROOT}/../../node_modules/react-native-vector-icons/Fonts/FontAwesome5_Solid.ttf",
				"${PODS_ROOT}/../../node_modules/react-native-vector-icons/Fonts/FontAwesome6_Brands.ttf",
				"${PODS_ROOT}/../../node_modules/react-native-vector-icons/Fonts/FontAwesome6_Regular.ttf",
				"${PODS_ROOT}/../../node_modules/react-native-vector-icons/Fonts/FontAwesome6_Solid.ttf",
				"${PODS_ROOT}/../../node_modules/react-native-vector-icons/Fonts/Fontisto.ttf",
				"${PODS_ROOT}/../../node_modules/react-native-vector-icons/Fonts/Foundation.ttf",
				"${PODS_ROOT}/../../node_modules/react-native-vector-icons/Fonts/Ionicons.ttf",
				"${PODS_ROOT}/../../node_modules/react-native-vector-icons/Fonts/MaterialCommunityIcons.ttf",
				"${PODS_ROOT}/../../node_modules/react-native-vector-icons/Fonts/MaterialIcons.ttf",
				"${PODS_ROOT}/../../node_modules/react-native-vector-icons/Fonts/Octicons.ttf",
				"${PODS_ROOT}/../../node_modules/react-native-vector-icons/Fonts/SimpleLineIcons.ttf",
				"${PODS_ROOT}/../../node_modules/react-native-vector-icons/Fonts/Zocial.ttf",
				"${PODS_CONFIGURATION_BUILD_DIR}/React-Core/React-Core_privacy.bundle",
				"${PODS_CONFIGURATION_BUILD_DIR}/React-cxxreact/React-cxxreact_privacy.bundle",
				"${PODS_CONFIGURATION_BUILD_DIR}/RiveRuntime/runtime_ios_privacy.bundle",
				"${PODS_CONFIGURATION_BUILD_DIR}/boost/boost_privacy.bundle",
				"${PODS_CONFIGURATION_BUILD_DIR}/glog/glog_privacy.bundle",
			);
			name = "[CP] Copy Pods Resources";
			outputPaths = (
				"${TARGET_BUILD_DIR}/${UNLOCALIZED_RESOURCES_FOLDER_PATH}/EXConstants.bundle",
				"${TARGET_BUILD_DIR}/${UNLOCALIZED_RESOURCES_FOLDER_PATH}/ExpoConstants_privacy.bundle",
				"${TARGET_BUILD_DIR}/${UNLOCALIZED_RESOURCES_FOLDER_PATH}/ExpoFileSystem_privacy.bundle",
				"${TARGET_BUILD_DIR}/${UNLOCALIZED_RESOURCES_FOLDER_PATH}/RCT-Folly_privacy.bundle",
				"${TARGET_BUILD_DIR}/${UNLOCALIZED_RESOURCES_FOLDER_PATH}/RNCAsyncStorage_resources.bundle",
				"${TARGET_BUILD_DIR}/${UNLOCALIZED_RESOURCES_FOLDER_PATH}/RNSVGFilters.bundle",
				"${TARGET_BUILD_DIR}/${UNLOCALIZED_RESOURCES_FOLDER_PATH}/AntDesign.ttf",
				"${TARGET_BUILD_DIR}/${UNLOCALIZED_RESOURCES_FOLDER_PATH}/Entypo.ttf",
				"${TARGET_BUILD_DIR}/${UNLOCALIZED_RESOURCES_FOLDER_PATH}/EvilIcons.ttf",
				"${TARGET_BUILD_DIR}/${UNLOCALIZED_RESOURCES_FOLDER_PATH}/Feather.ttf",
				"${TARGET_BUILD_DIR}/${UNLOCALIZED_RESOURCES_FOLDER_PATH}/FontAwesome.ttf",
				"${TARGET_BUILD_DIR}/${UNLOCALIZED_RESOURCES_FOLDER_PATH}/FontAwesome5_Brands.ttf",
				"${TARGET_BUILD_DIR}/${UNLOCALIZED_RESOURCES_FOLDER_PATH}/FontAwesome5_Regular.ttf",
				"${TARGET_BUILD_DIR}/${UNLOCALIZED_RESOURCES_FOLDER_PATH}/FontAwesome5_Solid.ttf",
				"${TARGET_BUILD_DIR}/${UNLOCALIZED_RESOURCES_FOLDER_PATH}/FontAwesome6_Brands.ttf",
				"${TARGET_BUILD_DIR}/${UNLOCALIZED_RESOURCES_FOLDER_PATH}/FontAwesome6_Regular.ttf",
				"${TARGET_BUILD_DIR}/${UNLOCALIZED_RESOURCES_FOLDER_PATH}/FontAwesome6_Solid.ttf",
				"${TARGET_BUILD_DIR}/${UNLOCALIZED_RESOURCES_FOLDER_PATH}/Fontisto.ttf",
				"${TARGET_BUILD_DIR}/${UNLOCALIZED_RESOURCES_FOLDER_PATH}/Foundation.ttf",
				"${TARGET_BUILD_DIR}/${UNLOCALIZED_RESOURCES_FOLDER_PATH}/Ionicons.ttf",
				"${TARGET_BUILD_DIR}/${UNLOCALIZED_RESOURCES_FOLDER_PATH}/MaterialCommunityIcons.ttf",
				"${TARGET_BUILD_DIR}/${UNLOCALIZED_RESOURCES_FOLDER_PATH}/MaterialIcons.ttf",
				"${TARGET_BUILD_DIR}/${UNLOCALIZED_RESOURCES_FOLDER_PATH}/Octicons.ttf",
				"${TARGET_BUILD_DIR}/${UNLOCALIZED_RESOURCES_FOLDER_PATH}/SimpleLineIcons.ttf",
				"${TARGET_BUILD_DIR}/${UNLOCALIZED_RESOURCES_FOLDER_PATH}/Zocial.ttf",
				"${TARGET_BUILD_DIR}/${UNLOCALIZED_RESOURCES_FOLDER_PATH}/React-Core_privacy.bundle",
				"${TARGET_BUILD_DIR}/${UNLOCALIZED_RESOURCES_FOLDER_PATH}/React-cxxreact_privacy.bundle",
				"${TARGET_BUILD_DIR}/${UNLOCALIZED_RESOURCES_FOLDER_PATH}/runtime_ios_privacy.bundle",
				"${TARGET_BUILD_DIR}/${UNLOCALIZED_RESOURCES_FOLDER_PATH}/boost_privacy.bundle",
				"${TARGET_BUILD_DIR}/${UNLOCALIZED_RESOURCES_FOLDER_PATH}/glog_privacy.bundle",
			);
			runOnlyForDeploymentPostprocessing = 0;
			shellPath = /bin/sh;
			shellScript = "\"${PODS_ROOT}/Target Support Files/Pods-pearpassappmobile/Pods-pearpassappmobile-resources.sh\"\n";
			showEnvVarsInLog = 0;
		};
		C5BE29C79AF86A620040E115 /* [CP] Check Pods Manifest.lock */ = {
			isa = PBXShellScriptBuildPhase;
			buildActionMask = 2147483647;
			files = (
			);
			inputFileListPaths = (
			);
			inputPaths = (
				"${PODS_PODFILE_DIR_PATH}/Podfile.lock",
				"${PODS_ROOT}/Manifest.lock",
			);
			name = "[CP] Check Pods Manifest.lock";
			outputFileListPaths = (
			);
			outputPaths = (
				"$(DERIVED_FILE_DIR)/Pods-pearpassappmobile-checkManifestLockResult.txt",
			);
			runOnlyForDeploymentPostprocessing = 0;
			shellPath = /bin/sh;
			shellScript = "diff \"${PODS_PODFILE_DIR_PATH}/Podfile.lock\" \"${PODS_ROOT}/Manifest.lock\" > /dev/null\nif [ $? != 0 ] ; then\n    # print error to STDERR\n    echo \"error: The sandbox is not in sync with the Podfile.lock. Run 'pod install' or update your CocoaPods installation.\" >&2\n    exit 1\nfi\n# This output is used by Xcode 'outputs' to avoid re-running this script phase.\necho \"SUCCESS\" > \"${SCRIPT_OUTPUT_FILE_0}\"\n";
			showEnvVarsInLog = 0;
		};
		CFEF528BE6E2449CD102F5D0 /* [Expo] Configure project */ = {
			isa = PBXShellScriptBuildPhase;
			alwaysOutOfDate = 1;
			buildActionMask = 2147483647;
			files = (
			);
			inputFileListPaths = (
			);
			inputPaths = (
			);
			name = "[Expo] Configure project";
			outputFileListPaths = (
			);
			outputPaths = (
			);
			runOnlyForDeploymentPostprocessing = 0;
			shellPath = /bin/sh;
			shellScript = "# This script configures Expo modules and generates the modules provider file.\nbash -l -c \"./Pods/Target\\ Support\\ Files/Pods-pearpassappmobile/expo-configure-project.sh\"\n";
		};
/* End PBXShellScriptBuildPhase section */

/* Begin PBXSourcesBuildPhase section */
		13B07F871A680F5B00A75B9A /* Sources */ = {
			isa = PBXSourcesBuildPhase;
			buildActionMask = 2147483647;
			files = (
				F11748422D0307B40044C1D9 /* AppDelegate.swift in Sources */,
				6FE20FCC528C1B074A9AE0E9 /* ExpoModulesProvider.swift in Sources */,
				68CDA57A2E98613000FE0C0F /* AutofillModule.swift in Sources */,
				68CDA57B2E98613000FE0C0F /* AutofillModule.m in Sources */,
				4E5F57A72EE331690094AF90 /* NativeClipboard.swift in Sources */,
				4E5F57A82EE331690094AF90 /* NativeClipboard.m in Sources */,
				3210210F8E24AE4361E015DC /* AppGroupHelper.m in Sources */,
			);
			runOnlyForDeploymentPostprocessing = 0;
		};
		9511A61F2E58C2B0000F7566 /* Sources */ = {
			isa = PBXSourcesBuildPhase;
			buildActionMask = 2147483647;
			files = (
			);
			runOnlyForDeploymentPostprocessing = 0;
		};
/* End PBXSourcesBuildPhase section */

/* Begin PBXTargetDependency section */
		9511A62F2E58C2B0000F7566 /* PBXTargetDependency */ = {
			isa = PBXTargetDependency;
			target = 9511A6222E58C2B0000F7566 /* PearPassAutoFillExtension */;
			targetProxy = 9511A62E2E58C2B0000F7566 /* PBXContainerItemProxy */;
		};
/* End PBXTargetDependency section */

/* Begin XCBuildConfiguration section */
		13B07F941A680F5B00A75B9A /* Debug */ = {
			isa = XCBuildConfiguration;
			baseConfigurationReference = 24A8C070FB09BCC6CE2F75F4 /* Pods-pearpassappmobile.debug.xcconfig */;
			buildSettings = {
				ASSETCATALOG_COMPILER_APPICON_NAME = AppIcon;
				CLANG_ENABLE_MODULES = YES;
				CODE_SIGN_ENTITLEMENTS = pearpassappmobile/pearpassappmobile.entitlements;
				CURRENT_PROJECT_VERSION = 1;
				DEVELOPMENT_TEAM = 43QFHSJ5QR;
				ENABLE_BITCODE = NO;
				GCC_PREPROCESSOR_DEFINITIONS = (
					"$(inherited)",
					"FB_SONARKIT_ENABLED=1",
				);
				INFOPLIST_FILE = pearpassappmobile/Info.plist;
				IPHONEOS_DEPLOYMENT_TARGET = 15.1;
				LD_RUNPATH_SEARCH_PATHS = (
					"$(inherited)",
					"@executable_path/Frameworks",
				);
				MARKETING_VERSION = 1.0;
				OTHER_LDFLAGS = (
					"$(inherited)",
					"-ObjC",
					"-lc++",
				);
				OTHER_SWIFT_FLAGS = "$(inherited) -D EXPO_CONFIGURATION_DEBUG";
				PRODUCT_BUNDLE_IDENTIFIER = com.pears.pass;
				PRODUCT_NAME = "PearPass";
				SWIFT_OBJC_BRIDGING_HEADER = "pearpassappmobile/pearpassappmobile-Bridging-Header.h";
				SWIFT_OPTIMIZATION_LEVEL = "-Onone";
				SWIFT_VERSION = 5.0;
				TARGETED_DEVICE_FAMILY = "1";
				VERSIONING_SYSTEM = "apple-generic";
			};
			name = Debug;
		};
		13B07F951A680F5B00A75B9A /* Release */ = {
			isa = XCBuildConfiguration;
			baseConfigurationReference = 1389E9C41FAA5E8A910FD3C6 /* Pods-pearpassappmobile.release.xcconfig */;
			buildSettings = {
				ASSETCATALOG_COMPILER_APPICON_NAME = AppIcon;
				CLANG_ENABLE_MODULES = YES;
				CODE_SIGN_ENTITLEMENTS = pearpassappmobile/pearpassappmobile.entitlements;
				CURRENT_PROJECT_VERSION = 1;
				DEVELOPMENT_TEAM = 43QFHSJ5QR;
				INFOPLIST_FILE = pearpassappmobile/Info.plist;
				IPHONEOS_DEPLOYMENT_TARGET = 15.1;
				LD_RUNPATH_SEARCH_PATHS = (
					"$(inherited)",
					"@executable_path/Frameworks",
				);
				MARKETING_VERSION = 1.0;
				OTHER_LDFLAGS = (
					"$(inherited)",
					"-ObjC",
					"-lc++",
				);
				OTHER_SWIFT_FLAGS = "$(inherited) -D EXPO_CONFIGURATION_RELEASE";
				PRODUCT_BUNDLE_IDENTIFIER = com.pears.pass;
				PRODUCT_NAME = "PearPass";
				SWIFT_OBJC_BRIDGING_HEADER = "pearpassappmobile/pearpassappmobile-Bridging-Header.h";
				SWIFT_VERSION = 5.0;
				TARGETED_DEVICE_FAMILY = "1";
				VERSIONING_SYSTEM = "apple-generic";
			};
			name = Release;
		};
		83CBBA201A601CBA00E9B192 /* Debug */ = {
			isa = XCBuildConfiguration;
			buildSettings = {
				ALWAYS_SEARCH_USER_PATHS = NO;
				CLANG_ANALYZER_LOCALIZABILITY_NONLOCALIZED = YES;
				CLANG_CXX_LANGUAGE_STANDARD = "c++20";
				CLANG_CXX_LIBRARY = "libc++";
				CLANG_ENABLE_MODULES = YES;
				CLANG_ENABLE_OBJC_ARC = YES;
				CLANG_WARN_BLOCK_CAPTURE_AUTORELEASING = YES;
				CLANG_WARN_BOOL_CONVERSION = YES;
				CLANG_WARN_COMMA = YES;
				CLANG_WARN_CONSTANT_CONVERSION = YES;
				CLANG_WARN_DEPRECATED_OBJC_IMPLEMENTATIONS = YES;
				CLANG_WARN_DIRECT_OBJC_ISA_USAGE = YES_ERROR;
				CLANG_WARN_EMPTY_BODY = YES;
				CLANG_WARN_ENUM_CONVERSION = YES;
				CLANG_WARN_INFINITE_RECURSION = YES;
				CLANG_WARN_INT_CONVERSION = YES;
				CLANG_WARN_NON_LITERAL_NULL_CONVERSION = YES;
				CLANG_WARN_OBJC_IMPLICIT_RETAIN_SELF = YES;
				CLANG_WARN_OBJC_LITERAL_CONVERSION = YES;
				CLANG_WARN_OBJC_ROOT_CLASS = YES_ERROR;
				CLANG_WARN_RANGE_LOOP_ANALYSIS = YES;
				CLANG_WARN_STRICT_PROTOTYPES = YES;
				CLANG_WARN_SUSPICIOUS_MOVE = YES;
				CLANG_WARN_UNREACHABLE_CODE = YES;
				CLANG_WARN__DUPLICATE_METHOD_MATCH = YES;
				"CODE_SIGN_IDENTITY[sdk=iphoneos*]" = "iPhone Developer";
				COPY_PHASE_STRIP = NO;
				ENABLE_STRICT_OBJC_MSGSEND = YES;
				ENABLE_TESTABILITY = YES;
				GCC_C_LANGUAGE_STANDARD = gnu99;
				GCC_DYNAMIC_NO_PIC = NO;
				GCC_NO_COMMON_BLOCKS = YES;
				GCC_OPTIMIZATION_LEVEL = 0;
				GCC_PREPROCESSOR_DEFINITIONS = (
					"DEBUG=1",
					"$(inherited)",
				);
				GCC_SYMBOLS_PRIVATE_EXTERN = NO;
				GCC_WARN_64_TO_32_BIT_CONVERSION = YES;
				GCC_WARN_ABOUT_RETURN_TYPE = YES_ERROR;
				GCC_WARN_UNDECLARED_SELECTOR = YES;
				GCC_WARN_UNINITIALIZED_AUTOS = YES_AGGRESSIVE;
				GCC_WARN_UNUSED_FUNCTION = YES;
				GCC_WARN_UNUSED_VARIABLE = YES;
				IPHONEOS_DEPLOYMENT_TARGET = 15.1;
				LD_RUNPATH_SEARCH_PATHS = (
					/usr/lib/swift,
					"$(inherited)",
				);
				LIBRARY_SEARCH_PATHS = "$(SDKROOT)/usr/lib/swift\"$(inherited)\"";
				MTL_ENABLE_DEBUG_INFO = YES;
				ONLY_ACTIVE_ARCH = YES;
				OTHER_LDFLAGS = (
					"$(inherited)",
					" ",
				);
				REACT_NATIVE_PATH = "${PODS_ROOT}/../../node_modules/react-native";
				SDKROOT = iphoneos;
				SWIFT_ACTIVE_COMPILATION_CONDITIONS = "$(inherited) DEBUG";
				USE_HERMES = true;
			};
			name = Debug;
		};
		83CBBA211A601CBA00E9B192 /* Release */ = {
			isa = XCBuildConfiguration;
			buildSettings = {
				ALWAYS_SEARCH_USER_PATHS = NO;
				CLANG_ANALYZER_LOCALIZABILITY_NONLOCALIZED = YES;
				CLANG_CXX_LANGUAGE_STANDARD = "c++20";
				CLANG_CXX_LIBRARY = "libc++";
				CLANG_ENABLE_MODULES = YES;
				CLANG_ENABLE_OBJC_ARC = YES;
				CLANG_WARN_BLOCK_CAPTURE_AUTORELEASING = YES;
				CLANG_WARN_BOOL_CONVERSION = YES;
				CLANG_WARN_COMMA = YES;
				CLANG_WARN_CONSTANT_CONVERSION = YES;
				CLANG_WARN_DEPRECATED_OBJC_IMPLEMENTATIONS = YES;
				CLANG_WARN_DIRECT_OBJC_ISA_USAGE = YES_ERROR;
				CLANG_WARN_EMPTY_BODY = YES;
				CLANG_WARN_ENUM_CONVERSION = YES;
				CLANG_WARN_INFINITE_RECURSION = YES;
				CLANG_WARN_INT_CONVERSION = YES;
				CLANG_WARN_NON_LITERAL_NULL_CONVERSION = YES;
				CLANG_WARN_OBJC_IMPLICIT_RETAIN_SELF = YES;
				CLANG_WARN_OBJC_LITERAL_CONVERSION = YES;
				CLANG_WARN_OBJC_ROOT_CLASS = YES_ERROR;
				CLANG_WARN_RANGE_LOOP_ANALYSIS = YES;
				CLANG_WARN_STRICT_PROTOTYPES = YES;
				CLANG_WARN_SUSPICIOUS_MOVE = YES;
				CLANG_WARN_UNREACHABLE_CODE = YES;
				CLANG_WARN__DUPLICATE_METHOD_MATCH = YES;
				"CODE_SIGN_IDENTITY[sdk=iphoneos*]" = "iPhone Developer";
				COPY_PHASE_STRIP = YES;
				ENABLE_NS_ASSERTIONS = NO;
				ENABLE_STRICT_OBJC_MSGSEND = YES;
				GCC_C_LANGUAGE_STANDARD = gnu99;
				GCC_NO_COMMON_BLOCKS = YES;
				GCC_WARN_64_TO_32_BIT_CONVERSION = YES;
				GCC_WARN_ABOUT_RETURN_TYPE = YES_ERROR;
				GCC_WARN_UNDECLARED_SELECTOR = YES;
				GCC_WARN_UNINITIALIZED_AUTOS = YES_AGGRESSIVE;
				GCC_WARN_UNUSED_FUNCTION = YES;
				GCC_WARN_UNUSED_VARIABLE = YES;
				IPHONEOS_DEPLOYMENT_TARGET = 15.1;
				LD_RUNPATH_SEARCH_PATHS = (
					/usr/lib/swift,
					"$(inherited)",
				);
				LIBRARY_SEARCH_PATHS = "$(SDKROOT)/usr/lib/swift\"$(inherited)\"";
				MTL_ENABLE_DEBUG_INFO = NO;
				OTHER_LDFLAGS = (
					"$(inherited)",
					" ",
				);
				REACT_NATIVE_PATH = "${PODS_ROOT}/../../node_modules/react-native";
				SDKROOT = iphoneos;
				USE_HERMES = true;
				VALIDATE_PRODUCT = YES;
			};
			name = Release;
		};
		9511A6322E58C2B0000F7566 /* Debug */ = {
			isa = XCBuildConfiguration;
			baseConfigurationReference = 5C8B6EDB763E7C21C99F1C06 /* Pods-PearPassAutoFillExtension.debug.xcconfig */;
			buildSettings = {
				ASSETCATALOG_COMPILER_GENERATE_SWIFT_ASSET_SYMBOL_EXTENSIONS = YES;
				CLANG_ANALYZER_NONNULL = YES;
				CLANG_ANALYZER_NUMBER_OBJECT_CONVERSION = YES_AGGRESSIVE;
				CLANG_CXX_LANGUAGE_STANDARD = "gnu++20";
				CLANG_ENABLE_OBJC_WEAK = YES;
				CLANG_WARN_DOCUMENTATION_COMMENTS = YES;
				CLANG_WARN_QUOTED_INCLUDE_IN_FRAMEWORK_HEADER = YES;
				CLANG_WARN_UNGUARDED_AVAILABILITY = YES_AGGRESSIVE;
				CODE_SIGN_ENTITLEMENTS = PearPassAutoFillExtension/PearPassAutoFillExtension.entitlements;
				CODE_SIGN_STYLE = Automatic;
				CURRENT_PROJECT_VERSION = 1;
				DEBUG_INFORMATION_FORMAT = dwarf;
				DEVELOPMENT_TEAM = 43QFHSJ5QR;
				ENABLE_USER_SCRIPT_SANDBOXING = YES;
				FRAMEWORK_SEARCH_PATHS = (
					"$(inherited)",
					"$(SRCROOT)/Frameworks",
				);
				GCC_C_LANGUAGE_STANDARD = gnu17;
				GENERATE_INFOPLIST_FILE = YES;
				INFOPLIST_FILE = PearPassAutoFillExtension/Info.plist;
				INFOPLIST_KEY_CFBundleDisplayName = PearPassAutoFillExtension;
				INFOPLIST_KEY_NSHumanReadableCopyright = "";
				IPHONEOS_DEPLOYMENT_TARGET = 15.1;
				LD_RUNPATH_SEARCH_PATHS = (
					"$(inherited)",
					"@executable_path/Frameworks",
					"@executable_path/../../Frameworks",
				);
				LOCALIZATION_PREFERS_STRING_CATALOGS = YES;
				MARKETING_VERSION = 1.0;
				MTL_ENABLE_DEBUG_INFO = INCLUDE_SOURCE;
				MTL_FAST_MATH = YES;
				OTHER_SWIFT_FLAGS = "$(inherited) -D EXPO_CONFIGURATION_DEBUG";
				PRODUCT_BUNDLE_IDENTIFIER = com.pears.pass.PearPassAutoFillExtension;
				PRODUCT_NAME = "$(TARGET_NAME)";
				SKIP_INSTALL = YES;
				SWIFT_ACTIVE_COMPILATION_CONDITIONS = "DEBUG $(inherited)";
				SWIFT_EMIT_LOC_STRINGS = YES;
				SWIFT_OBJC_BRIDGING_HEADER = "PearPassAutoFillExtension/PearPassAutoFillExtension-Bridging-Header.h";
				SWIFT_OPTIMIZATION_LEVEL = "-Onone";
				SWIFT_VERSION = 5.0;
				TARGETED_DEVICE_FAMILY = "1";
			};
			name = Debug;
		};
		9511A6332E58C2B0000F7566 /* Release */ = {
			isa = XCBuildConfiguration;
			baseConfigurationReference = E9309A8D5253CB6300A0EC25 /* Pods-PearPassAutoFillExtension.release.xcconfig */;
			buildSettings = {
				ASSETCATALOG_COMPILER_GENERATE_SWIFT_ASSET_SYMBOL_EXTENSIONS = YES;
				CLANG_ANALYZER_NONNULL = YES;
				CLANG_ANALYZER_NUMBER_OBJECT_CONVERSION = YES_AGGRESSIVE;
				CLANG_CXX_LANGUAGE_STANDARD = "gnu++20";
				CLANG_ENABLE_OBJC_WEAK = YES;
				CLANG_WARN_DOCUMENTATION_COMMENTS = YES;
				CLANG_WARN_QUOTED_INCLUDE_IN_FRAMEWORK_HEADER = YES;
				CLANG_WARN_UNGUARDED_AVAILABILITY = YES_AGGRESSIVE;
				CODE_SIGN_ENTITLEMENTS = PearPassAutoFillExtension/PearPassAutoFillExtension.entitlements;
				CODE_SIGN_STYLE = Automatic;
				COPY_PHASE_STRIP = NO;
				CURRENT_PROJECT_VERSION = 1;
				DEBUG_INFORMATION_FORMAT = "dwarf-with-dsym";
				DEVELOPMENT_TEAM = 43QFHSJ5QR;
				ENABLE_USER_SCRIPT_SANDBOXING = YES;
				FRAMEWORK_SEARCH_PATHS = (
					"$(inherited)",
					"$(SRCROOT)/Frameworks",
				);
				GCC_C_LANGUAGE_STANDARD = gnu17;
				GENERATE_INFOPLIST_FILE = YES;
				INFOPLIST_FILE = PearPassAutoFillExtension/Info.plist;
				INFOPLIST_KEY_CFBundleDisplayName = PearPassAutoFillExtension;
				INFOPLIST_KEY_NSHumanReadableCopyright = "";
				IPHONEOS_DEPLOYMENT_TARGET = 15.1;
				LD_RUNPATH_SEARCH_PATHS = (
					"$(inherited)",
					"@executable_path/Frameworks",
					"@executable_path/../../Frameworks",
				);
				LOCALIZATION_PREFERS_STRING_CATALOGS = YES;
				MARKETING_VERSION = 1.0;
				MTL_FAST_MATH = YES;
				OTHER_SWIFT_FLAGS = "$(inherited) -D EXPO_CONFIGURATION_RELEASE";
				PRODUCT_BUNDLE_IDENTIFIER = com.pears.pass.PearPassAutoFillExtension;
				PRODUCT_NAME = "$(TARGET_NAME)";
				SKIP_INSTALL = YES;
				SWIFT_COMPILATION_MODE = wholemodule;
				SWIFT_EMIT_LOC_STRINGS = YES;
				SWIFT_OBJC_BRIDGING_HEADER = "PearPassAutoFillExtension/PearPassAutoFillExtension-Bridging-Header.h";
				SWIFT_VERSION = 5.0;
				TARGETED_DEVICE_FAMILY = "1";
			};
			name = Release;
		};
/* End XCBuildConfiguration section */

/* Begin XCConfigurationList section */
		13B07F931A680F5B00A75B9A /* Build configuration list for PBXNativeTarget "pearpassappmobile" */ = {
			isa = XCConfigurationList;
			buildConfigurations = (
				13B07F941A680F5B00A75B9A /* Debug */,
				13B07F951A680F5B00A75B9A /* Release */,
			);
			defaultConfigurationIsVisible = 0;
			defaultConfigurationName = Release;
		};
		83CBB9FA1A601CBA00E9B192 /* Build configuration list for PBXProject "pearpassappmobile" */ = {
			isa = XCConfigurationList;
			buildConfigurations = (
				83CBBA201A601CBA00E9B192 /* Debug */,
				83CBBA211A601CBA00E9B192 /* Release */,
			);
			defaultConfigurationIsVisible = 0;
			defaultConfigurationName = Release;
		};
		9511A6352E58C2B0000F7566 /* Build configuration list for PBXNativeTarget "PearPassAutoFillExtension" */ = {
			isa = XCConfigurationList;
			buildConfigurations = (
				9511A6322E58C2B0000F7566 /* Debug */,
				9511A6332E58C2B0000F7566 /* Release */,
			);
			defaultConfigurationIsVisible = 0;
			defaultConfigurationName = Release;
		};
/* End XCConfigurationList section */
	};
	rootObject = 83CBB9F71A601CBA00E9B192 /* Project object */;
}
